
Microsoft Visual Studio Solution File, Format Version 12.00
# Visual Studio Version 17
VisualStudioVersion = 17.12.35527.113 d17.12
MinimumVisualStudioVersion = 10.0.40219.1
Project("{FAE04EC0-301F-11D3-BF4B-00C04F79EFBC}") = "Tut-HelloW", "Tut-HelloW.csproj", "{86A90A4E-BE0E-4B60-81F1-C056560B248C}"
EndProject
Project("{2150E333-8FDC-42A3-9474-1A3956D46DE8}") = "Solution Items", "Solution Items", "{4F14803F-970D-45EA-8A12-6D78389BB15E}"
	ProjectSection(SolutionItems) = preProject
		Class1.cs = Class1.cs
	EndProjectSection
EndProject
Global
	GlobalSection(SolutionConfigurationPlatforms) = preSolution
		Debug|Any CPU = Debug|Any CPU
		Release|Any CPU = Release|Any CPU
	EndGlobalSection
	GlobalSection(ProjectConfigurationPlatforms) = postSolution
		{86A90A4E-BE0E-4B60-81F1-C056560B248C}.Debug|Any CPU.ActiveCfg = Debug|Any CPU
		{86A90A4E-BE0E-4B60-81F1-C056560B248C}.Debug|Any CPU.Build.0 = Debug|Any CPU
		{86A90A4E-BE0E-4B60-81F1-C056560B248C}.Release|Any CPU.ActiveCfg = Release|Any CPU
		{86A90A4E-BE0E-4B60-81F1-C056560B248C}.Release|Any CPU.Build.0 = Release|Any CPU
	EndGlobalSection
	GlobalSection(SolutionProperties) = preSolution
		HideSolutionNode = FALSE
	EndGlobalSection
EndGlobal
